
Microsoft Visual Studio Solution File, Format Version 12.00
# Visual Studio Version 16
VisualStudioVersion = 16.0.31702.278
MinimumVisualStudioVersion = 10.0.40219.1
Project("{FAE04EC0-301F-11D3-BF4B-00C04F79EFBC}") = "zadanie2-tydzien2", "zadanie2-tydzien2\zadanie2-tydzien2.csproj", "{7B70234C-1D91-4E64-B4F3-AAF06AFBBFB1}"
EndProject
Global
	GlobalSection(SolutionConfigurationPlatforms) = preSolution
		Debug|Any CPU = Debug|Any CPU
		Release|Any CPU = Release|Any CPU
	EndGlobalSection
	GlobalSection(ProjectConfigurationPlatforms) = postSolution
		{7B70234C-1D91-4E64-B4F3-AAF06AFBBFB1}.Debug|Any CPU.ActiveCfg = Debug|Any CPU
		{7B70234C-1D91-4E64-B4F3-AAF06AFBBFB1}.Debug|Any CPU.Build.0 = Debug|Any CPU
		{7B70234C-1D91-4E64-B4F3-AAF06AFBBFB1}.Release|Any CPU.ActiveCfg = Release|Any CPU
		{7B70234C-1D91-4E64-B4F3-AAF06AFBBFB1}.Release|Any CPU.Build.0 = Release|Any CPU
	EndGlobalSection
	GlobalSection(SolutionProperties) = preSolution
		HideSolutionNode = FALSE
	EndGlobalSection
	GlobalSection(ExtensibilityGlobals) = postSolution
		SolutionGuid = {AC65EC6D-A63A-41E9-BD46-B9E59D46ED78}
	EndGlobalSection
EndGlobal
